
Microsoft Visual Studio Solution File, Format Version 12.00
# Visual Studio 2012
Project("{FAE04EC0-301F-11D3-BF4B-00C04F79EFBC}") = "webAkunsys", "webAkunsys\webAkunsys.csproj", "{18D931BB-4AF6-448C-8055-A219B432F151}"
EndProject
Project("{FAE04EC0-301F-11D3-BF4B-00C04F79EFBC}") = "webAkunsys.Common", "webAkunsys.Common\webAkunsys.Common.csproj", "{0D399F95-A95C-4F81-B8D4-AC0A2100B091}"
EndProject
Global
	GlobalSection(SolutionConfigurationPlatforms) = preSolution
		Debug|Any CPU = Debug|Any CPU
		Release|Any CPU = Release|Any CPU
	EndGlobalSection
	GlobalSection(ProjectConfigurationPlatforms) = postSolution
		{18D931BB-4AF6-448C-8055-A219B432F151}.Debug|Any CPU.ActiveCfg = Debug|Any CPU
		{18D931BB-4AF6-448C-8055-A219B432F151}.Debug|Any CPU.Build.0 = Debug|Any CPU
		{18D931BB-4AF6-448C-8055-A219B432F151}.Release|Any CPU.ActiveCfg = Release|Any CPU
		{18D931BB-4AF6-448C-8055-A219B432F151}.Release|Any CPU.Build.0 = Release|Any CPU
		{0D399F95-A95C-4F81-B8D4-AC0A2100B091}.Debug|Any CPU.ActiveCfg = Debug|Any CPU
		{0D399F95-A95C-4F81-B8D4-AC0A2100B091}.Debug|Any CPU.Build.0 = Debug|Any CPU
		{0D399F95-A95C-4F81-B8D4-AC0A2100B091}.Release|Any CPU.ActiveCfg = Release|Any CPU
		{0D399F95-A95C-4F81-B8D4-AC0A2100B091}.Release|Any CPU.Build.0 = Release|Any CPU
	EndGlobalSection
	GlobalSection(SolutionProperties) = preSolution
		HideSolutionNode = FALSE
	EndGlobalSection
EndGlobal
